
# cargo-vet imports lock

[[audits.fuchsia.audits.nix]]
who = "David Koloski <dkoloski@google.com>"
criteria = "safe-to-run"
version = "0.26.2"
notes = """
Reviewed on https://fxrev.dev/780283
Issues:
- https://github.com/nix-rust/nix/issues/1975
- https://github.com/nix-rust/nix/issues/1977
- https://github.com/nix-rust/nix/pull/1978
- https://github.com/nix-rust/nix/pull/1979
- https://github.com/nix-rust/nix/issues/1980
- https://github.com/nix-rust/nix/issues/1981
- https://github.com/nix-rust/nix/pull/1983
- https://github.com/nix-rust/nix/issues/1990
- https://github.com/nix-rust/nix/pull/1992
- https://github.com/nix-rust/nix/pull/1993
"""
